
Microsoft Visual Studio Solution File, Format Version 12.00
# Visual Studio Version 17
VisualStudioVersion = 17.4.33110.190
MinimumVisualStudioVersion = 10.0.40219.1
Project("{FAE04EC0-301F-11D3-BF4B-00C04F79EFBC}") = "CleanArchitectureDDDTutorial.Api", "CleanArchitectureDDDTutorial.Api\CleanArchitectureDDDTutorial.Api.csproj", "{3A716941-58E9-4340-BCBA-79F0DA90A789}"
EndProject
Project("{FAE04EC0-301F-11D3-BF4B-00C04F79EFBC}") = "CleanArchitectureDDDTutorial.Contracts", "CleanArchitectureDDDTutorial.Contracts\CleanArchitectureDDDTutorial.Contracts.csproj", "{98D404CD-17A8-4DD4-8267-B44F65CA697D}"
EndProject
Project("{FAE04EC0-301F-11D3-BF4B-00C04F79EFBC}") = "CleanArchitectureDDDTutorial.Infrastructure", "CleanArchitectureDDDTutorial.Infrastructure\CleanArchitectureDDDTutorial.Infrastructure.csproj", "{5A228B9F-A753-43CB-AA6D-1992A7FA9CE7}"
EndProject
Project("{FAE04EC0-301F-11D3-BF4B-00C04F79EFBC}") = "CleanArchitectureDDDTutorial.Application", "CleanArchitectureDDDTutorial.Application\CleanArchitectureDDDTutorial.Application.csproj", "{3B3DEE1A-9BF8-4C38-9DC5-0BDC03244E72}"
EndProject
Project("{FAE04EC0-301F-11D3-BF4B-00C04F79EFBC}") = "CleanArchitectureDDDTutorial.Domain", "CleanArchitectureDDDTutorial.Domain\CleanArchitectureDDDTutorial.Domain.csproj", "{2E124AAC-AED0-4563-8EB0-E2ED43F1B1A9}"
EndProject
Global
	GlobalSection(SolutionConfigurationPlatforms) = preSolution
		Debug|Any CPU = Debug|Any CPU
		Release|Any CPU = Release|Any CPU
	EndGlobalSection
	GlobalSection(ProjectConfigurationPlatforms) = postSolution
		{3A716941-58E9-4340-BCBA-79F0DA90A789}.Debug|Any CPU.ActiveCfg = Debug|Any CPU
		{3A716941-58E9-4340-BCBA-79F0DA90A789}.Debug|Any CPU.Build.0 = Debug|Any CPU
		{3A716941-58E9-4340-BCBA-79F0DA90A789}.Release|Any CPU.ActiveCfg = Release|Any CPU
		{3A716941-58E9-4340-BCBA-79F0DA90A789}.Release|Any CPU.Build.0 = Release|Any CPU
		{98D404CD-17A8-4DD4-8267-B44F65CA697D}.Debug|Any CPU.ActiveCfg = Debug|Any CPU
		{98D404CD-17A8-4DD4-8267-B44F65CA697D}.Debug|Any CPU.Build.0 = Debug|Any CPU
		{98D404CD-17A8-4DD4-8267-B44F65CA697D}.Release|Any CPU.ActiveCfg = Release|Any CPU
		{98D404CD-17A8-4DD4-8267-B44F65CA697D}.Release|Any CPU.Build.0 = Release|Any CPU
		{5A228B9F-A753-43CB-AA6D-1992A7FA9CE7}.Debug|Any CPU.ActiveCfg = Debug|Any CPU
		{5A228B9F-A753-43CB-AA6D-1992A7FA9CE7}.Debug|Any CPU.Build.0 = Debug|Any CPU
		{5A228B9F-A753-43CB-AA6D-1992A7FA9CE7}.Release|Any CPU.ActiveCfg = Release|Any CPU
		{5A228B9F-A753-43CB-AA6D-1992A7FA9CE7}.Release|Any CPU.Build.0 = Release|Any CPU
		{3B3DEE1A-9BF8-4C38-9DC5-0BDC03244E72}.Debug|Any CPU.ActiveCfg = Debug|Any CPU
		{3B3DEE1A-9BF8-4C38-9DC5-0BDC03244E72}.Debug|Any CPU.Build.0 = Debug|Any CPU
		{3B3DEE1A-9BF8-4C38-9DC5-0BDC03244E72}.Release|Any CPU.ActiveCfg = Release|Any CPU
		{3B3DEE1A-9BF8-4C38-9DC5-0BDC03244E72}.Release|Any CPU.Build.0 = Release|Any CPU
		{2E124AAC-AED0-4563-8EB0-E2ED43F1B1A9}.Debug|Any CPU.ActiveCfg = Debug|Any CPU
		{2E124AAC-AED0-4563-8EB0-E2ED43F1B1A9}.Debug|Any CPU.Build.0 = Debug|Any CPU
		{2E124AAC-AED0-4563-8EB0-E2ED43F1B1A9}.Release|Any CPU.ActiveCfg = Release|Any CPU
		{2E124AAC-AED0-4563-8EB0-E2ED43F1B1A9}.Release|Any CPU.Build.0 = Release|Any CPU
	EndGlobalSection
	GlobalSection(SolutionProperties) = preSolution
		HideSolutionNode = FALSE
	EndGlobalSection
	GlobalSection(ExtensibilityGlobals) = postSolution
		SolutionGuid = {66283B0A-A12C-4FC4-AD65-D3E6648ED536}
	EndGlobalSection
EndGlobal
